
Microsoft Visual Studio Solution File, Format Version 12.00
# Visual Studio Version 17
VisualStudioVersion = 17.14.36429.23 d17.14
MinimumVisualStudioVersion = 10.0.40219.1
Project("{FAE04EC0-301F-11D3-BF4B-00C04F79EFBC}") = "PageSalesMvcWeb", "PageSalesMvcWeb\PageSalesMvcWeb.csproj", "{D77F0844-72FC-445F-B49E-D8D497C91B8C}"
EndProject
Global
	GlobalSection(SolutionConfigurationPlatforms) = preSolution
		Debug|Any CPU = Debug|Any CPU
		Release|Any CPU = Release|Any CPU
	EndGlobalSection
	GlobalSection(ProjectConfigurationPlatforms) = postSolution
		{D77F0844-72FC-445F-B49E-D8D497C91B8C}.Debug|Any CPU.ActiveCfg = Debug|Any CPU
		{D77F0844-72FC-445F-B49E-D8D497C91B8C}.Debug|Any CPU.Build.0 = Debug|Any CPU
		{D77F0844-72FC-445F-B49E-D8D497C91B8C}.Release|Any CPU.ActiveCfg = Release|Any CPU
		{D77F0844-72FC-445F-B49E-D8D497C91B8C}.Release|Any CPU.Build.0 = Release|Any CPU
	EndGlobalSection
	GlobalSection(SolutionProperties) = preSolution
		HideSolutionNode = FALSE
	EndGlobalSection
	GlobalSection(ExtensibilityGlobals) = postSolution
		SolutionGuid = {6E2D3207-F3B2-4685-885B-2D40DE4FC3FC}
	EndGlobalSection
EndGlobal
